
Microsoft Visual Studio Solution File, Format Version 12.00
# Visual Studio 15
VisualStudioVersion = 15.0.28307.757
MinimumVisualStudioVersion = 10.0.40219.1
Project("{9A19103F-16F7-4668-BE54-9A1E7A4F7556}") = "MicrowaveQueue", "MicrowaveQueue\MicrowaveQueue.csproj", "{E5238B5D-3ABC-4366-9A37-69D8D68A296D}"
EndProject
Project("{9A19103F-16F7-4668-BE54-9A1E7A4F7556}") = "MicrowaveQueue.DAL", "MicrowaveQueue.DAL\MicrowaveQueue.DAL.csproj", "{B55FABE9-A088-475C-93A3-5BAA2B7E18D2}"
EndProject
Project("{FAE04EC0-301F-11D3-BF4B-00C04F79EFBC}") = "MicrowaveQueue.Domain", "MicrowaveQueue.Domain\MicrowaveQueue.Domain.csproj", "{AB800E53-54EC-41A7-88E0-225B97F35205}"
EndProject
Global
	GlobalSection(SolutionConfigurationPlatforms) = preSolution
		Debug|Any CPU = Debug|Any CPU
		Release|Any CPU = Release|Any CPU
	EndGlobalSection
	GlobalSection(ProjectConfigurationPlatforms) = postSolution
		{E5238B5D-3ABC-4366-9A37-69D8D68A296D}.Debug|Any CPU.ActiveCfg = Debug|Any CPU
		{E5238B5D-3ABC-4366-9A37-69D8D68A296D}.Debug|Any CPU.Build.0 = Debug|Any CPU
		{E5238B5D-3ABC-4366-9A37-69D8D68A296D}.Release|Any CPU.ActiveCfg = Release|Any CPU
		{E5238B5D-3ABC-4366-9A37-69D8D68A296D}.Release|Any CPU.Build.0 = Release|Any CPU
		{B55FABE9-A088-475C-93A3-5BAA2B7E18D2}.Debug|Any CPU.ActiveCfg = Debug|Any CPU
		{B55FABE9-A088-475C-93A3-5BAA2B7E18D2}.Debug|Any CPU.Build.0 = Debug|Any CPU
		{B55FABE9-A088-475C-93A3-5BAA2B7E18D2}.Release|Any CPU.ActiveCfg = Release|Any CPU
		{B55FABE9-A088-475C-93A3-5BAA2B7E18D2}.Release|Any CPU.Build.0 = Release|Any CPU
		{AB800E53-54EC-41A7-88E0-225B97F35205}.Debug|Any CPU.ActiveCfg = Debug|Any CPU
		{AB800E53-54EC-41A7-88E0-225B97F35205}.Debug|Any CPU.Build.0 = Debug|Any CPU
		{AB800E53-54EC-41A7-88E0-225B97F35205}.Release|Any CPU.ActiveCfg = Release|Any CPU
		{AB800E53-54EC-41A7-88E0-225B97F35205}.Release|Any CPU.Build.0 = Release|Any CPU
	EndGlobalSection
	GlobalSection(SolutionProperties) = preSolution
		HideSolutionNode = FALSE
	EndGlobalSection
	GlobalSection(ExtensibilityGlobals) = postSolution
		SolutionGuid = {0997C850-95B2-49E4-967B-84F04FDA1471}
	EndGlobalSection
EndGlobal
